<?xml version="1.0" encoding="utf-8"?>
<Project ToolsVersion="4.0" xmlns="http://schemas.microsoft.com/developer/msbuild/2003">
  <ItemGroup>
    <Filter Include="Файлы исходного кода">
      <UniqueIdentifier>{4FC737F1-C7A5-4376-A066-2A32D752A2FF}</UniqueIdentifier>
      <Extensions>cpp;c;cc;cxx;def;odl;idl;hpj;bat;asm;asmx</Extensions>
    </Filter>
    <Filter Include="Заголовочные файлы">
      <UniqueIdentifier>{93995380-89BD-4b04-88EB-625FBE52EBFB}</UniqueIdentifier>
      <Extensions>h;hh;hpp;hxx;hm;inl;inc;xsd</Extensions>
    </Filter>
    <Filter Include="Файлы ресурсов">
      <UniqueIdentifier>{67DA6AB6-F800-4c08-8B7A-83BB121AAD01}</UniqueIdentifier>
      <Extensions>rc;ico;cur;bmp;dlg;rc2;rct;bin;rgs;gif;jpg;jpeg;jpe;resx;tiff;tif;png;wav;mfcribbon-ms</Extensions>
    </Filter>
  </ItemGroup>
  <ItemGroup>
    <ClCompile Include="source\Application.cpp">
      <Filter>Файлы исходного кода</Filter>
    </ClCompile>
    <ClCompile Include="source\BaseBuilding.cpp">
      <Filter>Файлы исходного кода</Filter>
    </ClCompile>
    <ClCompile Include="source\BasicUnit.cpp">
      <Filter>Файлы исходного кода</Filter>
    </ClCompile>
    <ClCompile Include="source\Button.cpp">
      <Filter>Файлы исходного кода</Filter>
    </ClCompile>
    <ClCompile Include="source\GameServer.cpp">
      <Filter>Файлы исходного кода</Filter>
    </ClCompile>
    <ClCompile Include="source\main.cpp">
      <Filter>Файлы исходного кода</Filter>
    </ClCompile>
    <ClCompile Include="source\Map.cpp">
      <Filter>Файлы исходного кода</Filter>
    </ClCompile>
    <ClCompile Include="source\MenuState.cpp">
      <Filter>Файлы исходного кода</Filter>
    </ClCompile>
    <ClCompile Include="source\MultiplayerGameState.cpp">
      <Filter>Файлы исходного кода</Filter>
    </ClCompile>
    <ClCompile Include="source\Player.cpp">
      <Filter>Файлы исходного кода</Filter>
    </ClCompile>
    <ClCompile Include="source\Projectile.cpp">
      <Filter>Файлы исходного кода</Filter>
    </ClCompile>
    <ClCompile Include="source\State.cpp">
      <Filter>Файлы исходного кода</Filter>
    </ClCompile>
    <ClCompile Include="source\StateStack.cpp">
      <Filter>Файлы исходного кода</Filter>
    </ClCompile>
    <ClCompile Include="source\TitleState.cpp">
      <Filter>Файлы исходного кода</Filter>
    </ClCompile>
    <ClCompile Include="source\Unit.cpp">
      <Filter>Файлы исходного кода</Filter>
    </ClCompile>
    <ClCompile Include="source\World.cpp">
      <Filter>Файлы исходного кода</Filter>
    </ClCompile>
  </ItemGroup>
  <ItemGroup>
    <ClInclude Include="source\Application.h">
      <Filter>Заголовочные файлы</Filter>
    </ClInclude>
    <ClInclude Include="source\BaseBuilding.h">
      <Filter>Заголовочные файлы</Filter>
    </ClInclude>
    <ClInclude Include="source\BasicUnit.h">
      <Filter>Заголовочные файлы</Filter>
    </ClInclude>
    <ClInclude Include="source\Button.h">
      <Filter>Заголовочные файлы</Filter>
    </ClInclude>
    <ClInclude Include="source\ButtonID.h">
      <Filter>Заголовочные файлы</Filter>
    </ClInclude>
    <ClInclude Include="source\GameServer.h">
      <Filter>Заголовочные файлы</Filter>
    </ClInclude>
    <ClInclude Include="source\Map.h">
      <Filter>Заголовочные файлы</Filter>
    </ClInclude>
    <ClInclude Include="source\MenuState.h">
      <Filter>Заголовочные файлы</Filter>
    </ClInclude>
    <ClInclude Include="source\MultiplayerGameState.h">
      <Filter>Заголовочные файлы</Filter>
    </ClInclude>
    <ClInclude Include="source\NetworkPackets.h">
      <Filter>Заголовочные файлы</Filter>
    </ClInclude>
    <ClInclude Include="source\Player.h">
      <Filter>Заголовочные файлы</Filter>
    </ClInclude>
    <ClInclude Include="source\Projectile.h">
      <Filter>Заголовочные файлы</Filter>
    </ClInclude>
    <ClInclude Include="source\ResourceHolder.h">
      <Filter>Заголовочные файлы</Filter>
    </ClInclude>
    <ClInclude Include="source\ResourceID.h">
      <Filter>Заголовочные файлы</Filter>
    </ClInclude>
    <ClInclude Include="source\State.h">
      <Filter>Заголовочные файлы</Filter>
    </ClInclude>
    <ClInclude Include="source\StatesID.h">
      <Filter>Заголовочные файлы</Filter>
    </ClInclude>
    <ClInclude Include="source\StateStack.h">
      <Filter>Заголовочные файлы</Filter>
    </ClInclude>
    <ClInclude Include="source\TitleState.h">
      <Filter>Заголовочные файлы</Filter>
    </ClInclude>
    <ClInclude Include="source\Unit.h">
      <Filter>Заголовочные файлы</Filter>
    </ClInclude>
    <ClInclude Include="source\UnitsID.h">
      <Filter>Заголовочные файлы</Filter>
    </ClInclude>
    <ClInclude Include="source\World.h">
      <Filter>Заголовочные файлы</Filter>
    </ClInclude>
  </ItemGroup>
</Project>